
Microsoft Visual Studio Solution File, Format Version 12.00
# Visual Studio Version 17
VisualStudioVersion = 17.5.002.0
MinimumVisualStudioVersion = 10.0.40219.1
Project("{9A19103F-16F7-4668-BE54-9A1E7A4F7556}") = "FindMatchStringWithoutSplit", "FindMatchStringWithoutSplit.csproj", "{8CF84B29-1C70-4B33-8D2F-FB11D43BB320}"
EndProject
Global
	GlobalSection(SolutionConfigurationPlatforms) = preSolution
		Debug|Any CPU = Debug|Any CPU
		Release|Any CPU = Release|Any CPU
	EndGlobalSection
	GlobalSection(ProjectConfigurationPlatforms) = postSolution
		{8CF84B29-1C70-4B33-8D2F-FB11D43BB320}.Debug|Any CPU.ActiveCfg = Debug|Any CPU
		{8CF84B29-1C70-4B33-8D2F-FB11D43BB320}.Debug|Any CPU.Build.0 = Debug|Any CPU
		{8CF84B29-1C70-4B33-8D2F-FB11D43BB320}.Release|Any CPU.ActiveCfg = Release|Any CPU
		{8CF84B29-1C70-4B33-8D2F-FB11D43BB320}.Release|Any CPU.Build.0 = Release|Any CPU
	EndGlobalSection
	GlobalSection(SolutionProperties) = preSolution
		HideSolutionNode = FALSE
	EndGlobalSection
	GlobalSection(ExtensibilityGlobals) = postSolution
		SolutionGuid = {5334C841-4CF6-4901-9918-377F00E74F38}
	EndGlobalSection
EndGlobal
